
Microsoft Visual Studio Solution File, Format Version 12.00
# Visual Studio Version 16
VisualStudioVersion = 16.0.30114.105
MinimumVisualStudioVersion = 10.0.40219.1
Project("{FAE04EC0-301F-11D3-BF4B-00C04F79EFBC}") = "SpaceBattle.lib", "SpaceBattle.lib\SpaceBattle.lib.csproj", "{F135E952-1D39-4B46-AAA3-48F850D8E1C7}"
EndProject
Project("{FAE04EC0-301F-11D3-BF4B-00C04F79EFBC}") = "SpaceBattle.lib.Test", "SpaceBattle.lib.Test\SpaceBattle.lib.Test.csproj", "{A09042AA-1DF1-405F-997D-B1F8AC808125}"
EndProject
Global
	GlobalSection(SolutionConfigurationPlatforms) = preSolution
		Debug|Any CPU = Debug|Any CPU
		Release|Any CPU = Release|Any CPU
	EndGlobalSection
	GlobalSection(SolutionProperties) = preSolution
		HideSolutionNode = FALSE
	EndGlobalSection
	GlobalSection(ProjectConfigurationPlatforms) = postSolution
		{F135E952-1D39-4B46-AAA3-48F850D8E1C7}.Debug|Any CPU.ActiveCfg = Debug|Any CPU
		{F135E952-1D39-4B46-AAA3-48F850D8E1C7}.Debug|Any CPU.Build.0 = Debug|Any CPU
		{F135E952-1D39-4B46-AAA3-48F850D8E1C7}.Release|Any CPU.ActiveCfg = Release|Any CPU
		{F135E952-1D39-4B46-AAA3-48F850D8E1C7}.Release|Any CPU.Build.0 = Release|Any CPU
		{A09042AA-1DF1-405F-997D-B1F8AC808125}.Debug|Any CPU.ActiveCfg = Debug|Any CPU
		{A09042AA-1DF1-405F-997D-B1F8AC808125}.Debug|Any CPU.Build.0 = Debug|Any CPU
		{A09042AA-1DF1-405F-997D-B1F8AC808125}.Release|Any CPU.ActiveCfg = Release|Any CPU
		{A09042AA-1DF1-405F-997D-B1F8AC808125}.Release|Any CPU.Build.0 = Release|Any CPU
	EndGlobalSection
EndGlobal
